
Microsoft Visual Studio Solution File, Format Version 12.00
# Visual Studio Version 17
VisualStudioVersion = 17.7.34018.315
MinimumVisualStudioVersion = 10.0.40219.1
Project("{2150E333-8FDC-42A3-9474-1A3956D46DE8}") = "src", "src", "{7043C99D-6918-4666-B489-E67CF9894C37}"
EndProject
Project("{2150E333-8FDC-42A3-9474-1A3956D46DE8}") = "Solution Items", "Solution Items", "{C116013D-B389-48AA-B0EC-EB85DD20441B}"
	ProjectSection(SolutionItems) = preProject
		ServiceUrls.txt = ServiceUrls.txt
	EndProjectSection
EndProject
Project("{2150E333-8FDC-42A3-9474-1A3956D46DE8}") = "APIGateways", "APIGateways", "{330741B0-B9AF-494D-B28E-3FD667E7C54F}"
EndProject
Project("{2150E333-8FDC-42A3-9474-1A3956D46DE8}") = "Clients", "Clients", "{D5156780-640E-4EFF-992F-D08D3FAF1D0D}"
EndProject
Project("{2150E333-8FDC-42A3-9474-1A3956D46DE8}") = "Services", "Services", "{7A5146FA-2250-4BA6-BA99-99CF83D40FED}"
EndProject
Project("{2150E333-8FDC-42A3-9474-1A3956D46DE8}") = "BuildingBlocks", "BuildingBlocks", "{491092D0-0CFB-44F7-B26F-8EBE1E296BEC}"
EndProject
Project("{2150E333-8FDC-42A3-9474-1A3956D46DE8}") = "EventBus", "EventBus", "{FBFED5F9-4CFD-4D49-B8DF-9C69607ED22D}"
EndProject
Project("{9A19103F-16F7-4668-BE54-9A1E7A4F7556}") = "EventBus.Base", "src\BuildingBlock\EventBus\EventBus.Base\EventBus.Base.csproj", "{7DD50617-C236-4E3D-A81B-EE5342575EB4}"
EndProject
Project("{9A19103F-16F7-4668-BE54-9A1E7A4F7556}") = "EventBus.Factory", "src\BuildingBlock\EventBus\EventBus.Factory\EventBus.Factory.csproj", "{5D4D02CC-DEB7-401F-80CD-32CF0D719E0A}"
EndProject
Project("{9A19103F-16F7-4668-BE54-9A1E7A4F7556}") = "EventBus.AzureServiceBus", "src\BuildingBlock\EventBus\EventBus.AzureServiceBus\EventBus.AzureServiceBus.csproj", "{E07F1951-E431-4B03-B14F-D6F8375429E7}"
EndProject
Project("{9A19103F-16F7-4668-BE54-9A1E7A4F7556}") = "EventBus.RabbitMQ", "src\BuildingBlock\EventBus\EventBus.RabbitMQ\EventBus.RabbitMQ.csproj", "{149B3A6E-34C0-4154-9DBD-4478230676D7}"
EndProject
Project("{2150E333-8FDC-42A3-9474-1A3956D46DE8}") = "ReactWebApp", "ReactWebApp", "{1733708F-8170-42D2-80AB-51F6351E582E}"
EndProject
Project("{54A90642-561A-4BB1-A94E-469ADEE60C69}") = "webapp", "src\Clients\ReactWebApp\WebApp\webapp.esproj", "{0A7B0B35-4AF5-466C-9C2A-6A63F103DD8F}"
EndProject
Project("{2150E333-8FDC-42A3-9474-1A3956D46DE8}") = "BasketService", "BasketService", "{D84775A5-71AC-4842-98B5-03A291CF60CF}"
EndProject
Project("{2150E333-8FDC-42A3-9474-1A3956D46DE8}") = "CatalogService", "CatalogService", "{9B937BCB-D5A0-433D-AC59-9CF5C6941B82}"
EndProject
Project("{2150E333-8FDC-42A3-9474-1A3956D46DE8}") = "NotificationService", "NotificationService", "{0AF60CE1-2920-4714-9AFD-D70C4297BB78}"
EndProject
Project("{9A19103F-16F7-4668-BE54-9A1E7A4F7556}") = "NotificationService", "src\Services\NotificationService\NotificationService\NotificationService.csproj", "{7B38643C-2730-4A36-8925-E05A9199DDFB}"
EndProject
Project("{2150E333-8FDC-42A3-9474-1A3956D46DE8}") = "OrderService", "OrderService", "{6E17D57A-A109-4BA5-83D2-140B4D2FD1AF}"
EndProject
Project("{2150E333-8FDC-42A3-9474-1A3956D46DE8}") = "PaymentService", "PaymentService", "{BCD38AEF-4C7E-402B-AFCD-46F9C295B728}"
EndProject
Project("{9A19103F-16F7-4668-BE54-9A1E7A4F7556}") = "PaymnetService.Api", "src\Services\PaymnetService\PaymnetService.Api\PaymnetService.Api.csproj", "{46165C7B-D6B8-49CA-956E-BBA28F5C909A}"
EndProject
Project("{2150E333-8FDC-42A3-9474-1A3956D46DE8}") = "Tests", "Tests", "{93FDDE10-DE95-492D-9BD7-8F73E10EC479}"
EndProject
Project("{2150E333-8FDC-42A3-9474-1A3956D46DE8}") = "BuildingBlocks", "BuildingBlocks", "{4F863820-C8FD-4EDB-832B-FC0E6E28004B}"
EndProject
Project("{9A19103F-16F7-4668-BE54-9A1E7A4F7556}") = "EventBus.UnitTest", "Tests\BuildingBlocks\EventBus.UnitTest\EventBus.UnitTest.csproj", "{F7A9117E-03F4-41CF-ADF2-00EBFA835F04}"
EndProject
Project("{9A19103F-16F7-4668-BE54-9A1E7A4F7556}") = "CatagolService.API", "CatagolService.API\CatagolService.API.csproj", "{18DF2BE4-F9F7-40EE-9860-F14B21649573}"
EndProject
Project("{2150E333-8FDC-42A3-9474-1A3956D46DE8}") = "Core", "Core", "{B70B1329-8913-46F7-B969-F86132ED4535}"
EndProject
Project("{9A19103F-16F7-4668-BE54-9A1E7A4F7556}") = "Mikroservice.Application", "Mikroservice.Application\Mikroservice.Application.csproj", "{071930C5-B8A9-4D1E-BD2D-1595495382D4}"
EndProject
Project("{9A19103F-16F7-4668-BE54-9A1E7A4F7556}") = "Mikroservice.Domain", "Mikroservice.Domain\Mikroservice.Domain.csproj", "{D13E5EED-465F-4F24-8980-2E457D6952B1}"
EndProject
Project("{2150E333-8FDC-42A3-9474-1A3956D46DE8}") = "Infrastructure", "Infrastructure", "{A1149FE0-28D8-4BC7-B954-CBC6D6D3BC35}"
EndProject
Project("{9A19103F-16F7-4668-BE54-9A1E7A4F7556}") = "Mikroservice.Infrastructure", "Mikroservice.Infrastructure\Mikroservice.Infrastructure.csproj", "{7382F910-1143-4CED-99CB-F04DDA701F81}"
EndProject
Project("{9A19103F-16F7-4668-BE54-9A1E7A4F7556}") = "Mikroservice.Persistence", "Mikroservice.Persistence\Mikroservice.Persistence.csproj", "{A0192552-CA79-4590-A80E-28212B044299}"
EndProject
Project("{9A19103F-16F7-4668-BE54-9A1E7A4F7556}") = "Web.ApiGateway", "src\ApiGateways\Web.ApiGateway\Web.ApiGateway.csproj", "{F9F5A973-A8B9-4F51-9100-A487A4CBA24A}"
EndProject
Project("{9A19103F-16F7-4668-BE54-9A1E7A4F7556}") = "BasketService.API", "BasketService.API\BasketService.API.csproj", "{57B27E96-FF8E-4150-B0D1-FF82D660DD94}"
EndProject
Project("{2150E333-8FDC-42A3-9474-1A3956D46DE8}") = "IdentityService", "IdentityService", "{9B7643F6-1977-4876-9828-ADC564D76662}"
EndProject
Project("{2150E333-8FDC-42A3-9474-1A3956D46DE8}") = "Core", "Core", "{DEF88D55-C3A4-43AC-9690-3A3154E665D0}"
EndProject
Project("{2150E333-8FDC-42A3-9474-1A3956D46DE8}") = "Infrastructure", "Infrastructure", "{CEDC1CB6-9133-4C89-907F-A741EDCD8CDA}"
EndProject
Project("{2150E333-8FDC-42A3-9474-1A3956D46DE8}") = "Presentation", "Presentation", "{1009F16C-63E0-4583-9A59-DE0B6D9BC2C8}"
EndProject
Project("{9A19103F-16F7-4668-BE54-9A1E7A4F7556}") = "IdentityService.API", "src\services\identityService\IdentityService.API\IdentityService.API.csproj", "{93E6C7D9-6297-4E3B-8993-CCC3D13755B5}"
EndProject
Project("{9A19103F-16F7-4668-BE54-9A1E7A4F7556}") = "Mikroservices.Application", "src\Services\identityService\Mikroservices.Application\Mikroservices.Application.csproj", "{297BE4D5-C0FC-4FE4-996C-F48C62BACE63}"
EndProject
Project("{9A19103F-16F7-4668-BE54-9A1E7A4F7556}") = "Mikroservices.Domain", "src\Services\identityService\Mikroservices.Domain\Mikroservices.Domain.csproj", "{538657EE-CEF1-4264-8B03-0A829811B1AB}"
EndProject
Project("{9A19103F-16F7-4668-BE54-9A1E7A4F7556}") = "Mikroservices.Infrastructure", "src\Services\identityService\Mikroservices.Infrastructure\Mikroservices.Infrastructure.csproj", "{D6F8B251-7267-4126-A9A5-5C896AD41ABD}"
EndProject
Project("{9A19103F-16F7-4668-BE54-9A1E7A4F7556}") = "Mikroservices.Persistence", "src\Services\identityService\Mikroservices.Persistence\Mikroservices.Persistence.csproj", "{8CD47B6C-5AF3-4866-BD1A-2A5C4CA40A25}"
EndProject
Project("{9A19103F-16F7-4668-BE54-9A1E7A4F7556}") = "OrderService.API", "src\Services\OrderService\OrderService.API\OrderService.API.csproj", "{D75750C8-F5BC-4A49-A8EF-71E88C6B2F05}"
EndProject
Project("{9A19103F-16F7-4668-BE54-9A1E7A4F7556}") = "OrderService.Appliation", "src\Services\OrderService\OrderService.Appliation\OrderService.Appliation.csproj", "{9474790A-9230-4855-931C-C913215612DA}"
EndProject
Project("{9A19103F-16F7-4668-BE54-9A1E7A4F7556}") = "OrderService.Domain", "src\Services\OrderService\OrderService.Domain\OrderService.Domain.csproj", "{4AAB77BE-3438-448A-A94B-33D2F9A27CBF}"
EndProject
Project("{9A19103F-16F7-4668-BE54-9A1E7A4F7556}") = "OrderService.Infrastructure", "src\Services\OrderService\OrderService.Infrastructure\OrderService.Infrastructure.csproj", "{52CB5295-405C-455B-8149-E2D812FFD76A}"
EndProject
Project("{E53339B2-1760-4266-BCC7-CA923CBCF16C}") = "docker-compose", "docker-compose.dcproj", "{1177874C-247D-45E8-9759-3641300BD3DB}"
EndProject
Global
	GlobalSection(SolutionConfigurationPlatforms) = preSolution
		Debug|Any CPU = Debug|Any CPU
		Release|Any CPU = Release|Any CPU
	EndGlobalSection
	GlobalSection(ProjectConfigurationPlatforms) = postSolution
		{7DD50617-C236-4E3D-A81B-EE5342575EB4}.Debug|Any CPU.ActiveCfg = Debug|Any CPU
		{7DD50617-C236-4E3D-A81B-EE5342575EB4}.Debug|Any CPU.Build.0 = Debug|Any CPU
		{7DD50617-C236-4E3D-A81B-EE5342575EB4}.Release|Any CPU.ActiveCfg = Release|Any CPU
		{7DD50617-C236-4E3D-A81B-EE5342575EB4}.Release|Any CPU.Build.0 = Release|Any CPU
		{5D4D02CC-DEB7-401F-80CD-32CF0D719E0A}.Debug|Any CPU.ActiveCfg = Debug|Any CPU
		{5D4D02CC-DEB7-401F-80CD-32CF0D719E0A}.Debug|Any CPU.Build.0 = Debug|Any CPU
		{5D4D02CC-DEB7-401F-80CD-32CF0D719E0A}.Release|Any CPU.ActiveCfg = Release|Any CPU
		{5D4D02CC-DEB7-401F-80CD-32CF0D719E0A}.Release|Any CPU.Build.0 = Release|Any CPU
		{E07F1951-E431-4B03-B14F-D6F8375429E7}.Debug|Any CPU.ActiveCfg = Debug|Any CPU
		{E07F1951-E431-4B03-B14F-D6F8375429E7}.Debug|Any CPU.Build.0 = Debug|Any CPU
		{E07F1951-E431-4B03-B14F-D6F8375429E7}.Release|Any CPU.ActiveCfg = Release|Any CPU
		{E07F1951-E431-4B03-B14F-D6F8375429E7}.Release|Any CPU.Build.0 = Release|Any CPU
		{149B3A6E-34C0-4154-9DBD-4478230676D7}.Debug|Any CPU.ActiveCfg = Debug|Any CPU
		{149B3A6E-34C0-4154-9DBD-4478230676D7}.Debug|Any CPU.Build.0 = Debug|Any CPU
		{149B3A6E-34C0-4154-9DBD-4478230676D7}.Release|Any CPU.ActiveCfg = Release|Any CPU
		{149B3A6E-34C0-4154-9DBD-4478230676D7}.Release|Any CPU.Build.0 = Release|Any CPU
		{0A7B0B35-4AF5-466C-9C2A-6A63F103DD8F}.Debug|Any CPU.ActiveCfg = Debug|Any CPU
		{0A7B0B35-4AF5-466C-9C2A-6A63F103DD8F}.Debug|Any CPU.Build.0 = Debug|Any CPU
		{0A7B0B35-4AF5-466C-9C2A-6A63F103DD8F}.Debug|Any CPU.Deploy.0 = Debug|Any CPU
		{0A7B0B35-4AF5-466C-9C2A-6A63F103DD8F}.Release|Any CPU.ActiveCfg = Release|Any CPU
		{0A7B0B35-4AF5-466C-9C2A-6A63F103DD8F}.Release|Any CPU.Build.0 = Release|Any CPU
		{0A7B0B35-4AF5-466C-9C2A-6A63F103DD8F}.Release|Any CPU.Deploy.0 = Release|Any CPU
		{7B38643C-2730-4A36-8925-E05A9199DDFB}.Debug|Any CPU.ActiveCfg = Debug|Any CPU
		{7B38643C-2730-4A36-8925-E05A9199DDFB}.Debug|Any CPU.Build.0 = Debug|Any CPU
		{7B38643C-2730-4A36-8925-E05A9199DDFB}.Release|Any CPU.ActiveCfg = Release|Any CPU
		{7B38643C-2730-4A36-8925-E05A9199DDFB}.Release|Any CPU.Build.0 = Release|Any CPU
		{46165C7B-D6B8-49CA-956E-BBA28F5C909A}.Debug|Any CPU.ActiveCfg = Debug|Any CPU
		{46165C7B-D6B8-49CA-956E-BBA28F5C909A}.Debug|Any CPU.Build.0 = Debug|Any CPU
		{46165C7B-D6B8-49CA-956E-BBA28F5C909A}.Release|Any CPU.ActiveCfg = Release|Any CPU
		{46165C7B-D6B8-49CA-956E-BBA28F5C909A}.Release|Any CPU.Build.0 = Release|Any CPU
		{F7A9117E-03F4-41CF-ADF2-00EBFA835F04}.Debug|Any CPU.ActiveCfg = Debug|Any CPU
		{F7A9117E-03F4-41CF-ADF2-00EBFA835F04}.Debug|Any CPU.Build.0 = Debug|Any CPU
		{F7A9117E-03F4-41CF-ADF2-00EBFA835F04}.Release|Any CPU.ActiveCfg = Release|Any CPU
		{F7A9117E-03F4-41CF-ADF2-00EBFA835F04}.Release|Any CPU.Build.0 = Release|Any CPU
		{18DF2BE4-F9F7-40EE-9860-F14B21649573}.Debug|Any CPU.ActiveCfg = Debug|Any CPU
		{18DF2BE4-F9F7-40EE-9860-F14B21649573}.Debug|Any CPU.Build.0 = Debug|Any CPU
		{18DF2BE4-F9F7-40EE-9860-F14B21649573}.Release|Any CPU.ActiveCfg = Release|Any CPU
		{18DF2BE4-F9F7-40EE-9860-F14B21649573}.Release|Any CPU.Build.0 = Release|Any CPU
		{071930C5-B8A9-4D1E-BD2D-1595495382D4}.Debug|Any CPU.ActiveCfg = Debug|Any CPU
		{071930C5-B8A9-4D1E-BD2D-1595495382D4}.Debug|Any CPU.Build.0 = Debug|Any CPU
		{071930C5-B8A9-4D1E-BD2D-1595495382D4}.Release|Any CPU.ActiveCfg = Release|Any CPU
		{071930C5-B8A9-4D1E-BD2D-1595495382D4}.Release|Any CPU.Build.0 = Release|Any CPU
		{D13E5EED-465F-4F24-8980-2E457D6952B1}.Debug|Any CPU.ActiveCfg = Debug|Any CPU
		{D13E5EED-465F-4F24-8980-2E457D6952B1}.Debug|Any CPU.Build.0 = Debug|Any CPU
		{D13E5EED-465F-4F24-8980-2E457D6952B1}.Release|Any CPU.ActiveCfg = Release|Any CPU
		{D13E5EED-465F-4F24-8980-2E457D6952B1}.Release|Any CPU.Build.0 = Release|Any CPU
		{7382F910-1143-4CED-99CB-F04DDA701F81}.Debug|Any CPU.ActiveCfg = Debug|Any CPU
		{7382F910-1143-4CED-99CB-F04DDA701F81}.Debug|Any CPU.Build.0 = Debug|Any CPU
		{7382F910-1143-4CED-99CB-F04DDA701F81}.Release|Any CPU.ActiveCfg = Release|Any CPU
		{7382F910-1143-4CED-99CB-F04DDA701F81}.Release|Any CPU.Build.0 = Release|Any CPU
		{A0192552-CA79-4590-A80E-28212B044299}.Debug|Any CPU.ActiveCfg = Debug|Any CPU
		{A0192552-CA79-4590-A80E-28212B044299}.Debug|Any CPU.Build.0 = Debug|Any CPU
		{A0192552-CA79-4590-A80E-28212B044299}.Release|Any CPU.ActiveCfg = Release|Any CPU
		{A0192552-CA79-4590-A80E-28212B044299}.Release|Any CPU.Build.0 = Release|Any CPU
		{F9F5A973-A8B9-4F51-9100-A487A4CBA24A}.Debug|Any CPU.ActiveCfg = Debug|Any CPU
		{F9F5A973-A8B9-4F51-9100-A487A4CBA24A}.Debug|Any CPU.Build.0 = Debug|Any CPU
		{F9F5A973-A8B9-4F51-9100-A487A4CBA24A}.Release|Any CPU.ActiveCfg = Release|Any CPU
		{F9F5A973-A8B9-4F51-9100-A487A4CBA24A}.Release|Any CPU.Build.0 = Release|Any CPU
		{57B27E96-FF8E-4150-B0D1-FF82D660DD94}.Debug|Any CPU.ActiveCfg = Debug|Any CPU
		{57B27E96-FF8E-4150-B0D1-FF82D660DD94}.Debug|Any CPU.Build.0 = Debug|Any CPU
		{57B27E96-FF8E-4150-B0D1-FF82D660DD94}.Release|Any CPU.ActiveCfg = Release|Any CPU
		{57B27E96-FF8E-4150-B0D1-FF82D660DD94}.Release|Any CPU.Build.0 = Release|Any CPU
		{93E6C7D9-6297-4E3B-8993-CCC3D13755B5}.Debug|Any CPU.ActiveCfg = Debug|Any CPU
		{93E6C7D9-6297-4E3B-8993-CCC3D13755B5}.Debug|Any CPU.Build.0 = Debug|Any CPU
		{93E6C7D9-6297-4E3B-8993-CCC3D13755B5}.Release|Any CPU.ActiveCfg = Release|Any CPU
		{93E6C7D9-6297-4E3B-8993-CCC3D13755B5}.Release|Any CPU.Build.0 = Release|Any CPU
		{297BE4D5-C0FC-4FE4-996C-F48C62BACE63}.Debug|Any CPU.ActiveCfg = Debug|Any CPU
		{297BE4D5-C0FC-4FE4-996C-F48C62BACE63}.Debug|Any CPU.Build.0 = Debug|Any CPU
		{297BE4D5-C0FC-4FE4-996C-F48C62BACE63}.Release|Any CPU.ActiveCfg = Release|Any CPU
		{297BE4D5-C0FC-4FE4-996C-F48C62BACE63}.Release|Any CPU.Build.0 = Release|Any CPU
		{538657EE-CEF1-4264-8B03-0A829811B1AB}.Debug|Any CPU.ActiveCfg = Debug|Any CPU
		{538657EE-CEF1-4264-8B03-0A829811B1AB}.Debug|Any CPU.Build.0 = Debug|Any CPU
		{538657EE-CEF1-4264-8B03-0A829811B1AB}.Release|Any CPU.ActiveCfg = Release|Any CPU
		{538657EE-CEF1-4264-8B03-0A829811B1AB}.Release|Any CPU.Build.0 = Release|Any CPU
		{D6F8B251-7267-4126-A9A5-5C896AD41ABD}.Debug|Any CPU.ActiveCfg = Debug|Any CPU
		{D6F8B251-7267-4126-A9A5-5C896AD41ABD}.Debug|Any CPU.Build.0 = Debug|Any CPU
		{D6F8B251-7267-4126-A9A5-5C896AD41ABD}.Release|Any CPU.ActiveCfg = Release|Any CPU
		{D6F8B251-7267-4126-A9A5-5C896AD41ABD}.Release|Any CPU.Build.0 = Release|Any CPU
		{8CD47B6C-5AF3-4866-BD1A-2A5C4CA40A25}.Debug|Any CPU.ActiveCfg = Debug|Any CPU
		{8CD47B6C-5AF3-4866-BD1A-2A5C4CA40A25}.Debug|Any CPU.Build.0 = Debug|Any CPU
		{8CD47B6C-5AF3-4866-BD1A-2A5C4CA40A25}.Release|Any CPU.ActiveCfg = Release|Any CPU
		{8CD47B6C-5AF3-4866-BD1A-2A5C4CA40A25}.Release|Any CPU.Build.0 = Release|Any CPU
		{D75750C8-F5BC-4A49-A8EF-71E88C6B2F05}.Debug|Any CPU.ActiveCfg = Debug|Any CPU
		{D75750C8-F5BC-4A49-A8EF-71E88C6B2F05}.Debug|Any CPU.Build.0 = Debug|Any CPU
		{D75750C8-F5BC-4A49-A8EF-71E88C6B2F05}.Release|Any CPU.ActiveCfg = Release|Any CPU
		{D75750C8-F5BC-4A49-A8EF-71E88C6B2F05}.Release|Any CPU.Build.0 = Release|Any CPU
		{9474790A-9230-4855-931C-C913215612DA}.Debug|Any CPU.ActiveCfg = Debug|Any CPU
		{9474790A-9230-4855-931C-C913215612DA}.Debug|Any CPU.Build.0 = Debug|Any CPU
		{9474790A-9230-4855-931C-C913215612DA}.Release|Any CPU.ActiveCfg = Release|Any CPU
		{9474790A-9230-4855-931C-C913215612DA}.Release|Any CPU.Build.0 = Release|Any CPU
		{4AAB77BE-3438-448A-A94B-33D2F9A27CBF}.Debug|Any CPU.ActiveCfg = Debug|Any CPU
		{4AAB77BE-3438-448A-A94B-33D2F9A27CBF}.Debug|Any CPU.Build.0 = Debug|Any CPU
		{4AAB77BE-3438-448A-A94B-33D2F9A27CBF}.Release|Any CPU.ActiveCfg = Release|Any CPU
		{4AAB77BE-3438-448A-A94B-33D2F9A27CBF}.Release|Any CPU.Build.0 = Release|Any CPU
		{52CB5295-405C-455B-8149-E2D812FFD76A}.Debug|Any CPU.ActiveCfg = Debug|Any CPU
		{52CB5295-405C-455B-8149-E2D812FFD76A}.Debug|Any CPU.Build.0 = Debug|Any CPU
		{52CB5295-405C-455B-8149-E2D812FFD76A}.Release|Any CPU.ActiveCfg = Release|Any CPU
		{52CB5295-405C-455B-8149-E2D812FFD76A}.Release|Any CPU.Build.0 = Release|Any CPU
		{1177874C-247D-45E8-9759-3641300BD3DB}.Debug|Any CPU.ActiveCfg = Debug|Any CPU
		{1177874C-247D-45E8-9759-3641300BD3DB}.Debug|Any CPU.Build.0 = Debug|Any CPU
		{1177874C-247D-45E8-9759-3641300BD3DB}.Release|Any CPU.ActiveCfg = Release|Any CPU
		{1177874C-247D-45E8-9759-3641300BD3DB}.Release|Any CPU.Build.0 = Release|Any CPU
	EndGlobalSection
	GlobalSection(SolutionProperties) = preSolution
		HideSolutionNode = FALSE
	EndGlobalSection
	GlobalSection(NestedProjects) = preSolution
		{330741B0-B9AF-494D-B28E-3FD667E7C54F} = {7043C99D-6918-4666-B489-E67CF9894C37}
		{D5156780-640E-4EFF-992F-D08D3FAF1D0D} = {7043C99D-6918-4666-B489-E67CF9894C37}
		{7A5146FA-2250-4BA6-BA99-99CF83D40FED} = {7043C99D-6918-4666-B489-E67CF9894C37}
		{491092D0-0CFB-44F7-B26F-8EBE1E296BEC} = {7043C99D-6918-4666-B489-E67CF9894C37}
		{FBFED5F9-4CFD-4D49-B8DF-9C69607ED22D} = {491092D0-0CFB-44F7-B26F-8EBE1E296BEC}
		{7DD50617-C236-4E3D-A81B-EE5342575EB4} = {FBFED5F9-4CFD-4D49-B8DF-9C69607ED22D}
		{5D4D02CC-DEB7-401F-80CD-32CF0D719E0A} = {FBFED5F9-4CFD-4D49-B8DF-9C69607ED22D}
		{E07F1951-E431-4B03-B14F-D6F8375429E7} = {FBFED5F9-4CFD-4D49-B8DF-9C69607ED22D}
		{149B3A6E-34C0-4154-9DBD-4478230676D7} = {FBFED5F9-4CFD-4D49-B8DF-9C69607ED22D}
		{1733708F-8170-42D2-80AB-51F6351E582E} = {D5156780-640E-4EFF-992F-D08D3FAF1D0D}
		{0A7B0B35-4AF5-466C-9C2A-6A63F103DD8F} = {1733708F-8170-42D2-80AB-51F6351E582E}
		{D84775A5-71AC-4842-98B5-03A291CF60CF} = {7A5146FA-2250-4BA6-BA99-99CF83D40FED}
		{9B937BCB-D5A0-433D-AC59-9CF5C6941B82} = {7A5146FA-2250-4BA6-BA99-99CF83D40FED}
		{0AF60CE1-2920-4714-9AFD-D70C4297BB78} = {7A5146FA-2250-4BA6-BA99-99CF83D40FED}
		{7B38643C-2730-4A36-8925-E05A9199DDFB} = {0AF60CE1-2920-4714-9AFD-D70C4297BB78}
		{6E17D57A-A109-4BA5-83D2-140B4D2FD1AF} = {7A5146FA-2250-4BA6-BA99-99CF83D40FED}
		{BCD38AEF-4C7E-402B-AFCD-46F9C295B728} = {7A5146FA-2250-4BA6-BA99-99CF83D40FED}
		{46165C7B-D6B8-49CA-956E-BBA28F5C909A} = {BCD38AEF-4C7E-402B-AFCD-46F9C295B728}
		{4F863820-C8FD-4EDB-832B-FC0E6E28004B} = {93FDDE10-DE95-492D-9BD7-8F73E10EC479}
		{F7A9117E-03F4-41CF-ADF2-00EBFA835F04} = {4F863820-C8FD-4EDB-832B-FC0E6E28004B}
		{18DF2BE4-F9F7-40EE-9860-F14B21649573} = {9B937BCB-D5A0-433D-AC59-9CF5C6941B82}
		{B70B1329-8913-46F7-B969-F86132ED4535} = {9B937BCB-D5A0-433D-AC59-9CF5C6941B82}
		{071930C5-B8A9-4D1E-BD2D-1595495382D4} = {B70B1329-8913-46F7-B969-F86132ED4535}
		{D13E5EED-465F-4F24-8980-2E457D6952B1} = {B70B1329-8913-46F7-B969-F86132ED4535}
		{A1149FE0-28D8-4BC7-B954-CBC6D6D3BC35} = {9B937BCB-D5A0-433D-AC59-9CF5C6941B82}
		{7382F910-1143-4CED-99CB-F04DDA701F81} = {A1149FE0-28D8-4BC7-B954-CBC6D6D3BC35}
		{A0192552-CA79-4590-A80E-28212B044299} = {A1149FE0-28D8-4BC7-B954-CBC6D6D3BC35}
		{F9F5A973-A8B9-4F51-9100-A487A4CBA24A} = {330741B0-B9AF-494D-B28E-3FD667E7C54F}
		{57B27E96-FF8E-4150-B0D1-FF82D660DD94} = {D84775A5-71AC-4842-98B5-03A291CF60CF}
		{9B7643F6-1977-4876-9828-ADC564D76662} = {7A5146FA-2250-4BA6-BA99-99CF83D40FED}
		{DEF88D55-C3A4-43AC-9690-3A3154E665D0} = {9B7643F6-1977-4876-9828-ADC564D76662}
		{CEDC1CB6-9133-4C89-907F-A741EDCD8CDA} = {9B7643F6-1977-4876-9828-ADC564D76662}
		{1009F16C-63E0-4583-9A59-DE0B6D9BC2C8} = {9B7643F6-1977-4876-9828-ADC564D76662}
		{93E6C7D9-6297-4E3B-8993-CCC3D13755B5} = {1009F16C-63E0-4583-9A59-DE0B6D9BC2C8}
		{297BE4D5-C0FC-4FE4-996C-F48C62BACE63} = {DEF88D55-C3A4-43AC-9690-3A3154E665D0}
		{538657EE-CEF1-4264-8B03-0A829811B1AB} = {DEF88D55-C3A4-43AC-9690-3A3154E665D0}
		{D6F8B251-7267-4126-A9A5-5C896AD41ABD} = {CEDC1CB6-9133-4C89-907F-A741EDCD8CDA}
		{8CD47B6C-5AF3-4866-BD1A-2A5C4CA40A25} = {CEDC1CB6-9133-4C89-907F-A741EDCD8CDA}
		{D75750C8-F5BC-4A49-A8EF-71E88C6B2F05} = {6E17D57A-A109-4BA5-83D2-140B4D2FD1AF}
		{9474790A-9230-4855-931C-C913215612DA} = {6E17D57A-A109-4BA5-83D2-140B4D2FD1AF}
		{4AAB77BE-3438-448A-A94B-33D2F9A27CBF} = {6E17D57A-A109-4BA5-83D2-140B4D2FD1AF}
		{52CB5295-405C-455B-8149-E2D812FFD76A} = {6E17D57A-A109-4BA5-83D2-140B4D2FD1AF}
	EndGlobalSection
	GlobalSection(ExtensibilityGlobals) = postSolution
		SolutionGuid = {A24C1668-88AB-4A75-A9F7-EFD7F52C31A6}
	EndGlobalSection
EndGlobal
